
Microsoft Visual Studio Solution File, Format Version 12.00
# Visual Studio Version 16
VisualStudioVersion = 16.0.31112.23
MinimumVisualStudioVersion = 10.0.40219.1
Project("{FAE04EC0-301F-11D3-BF4B-00C04F79EFBC}") = "OA_UI", "OA_UI.csproj", "{144B9A87-59A6-4232-9824-1BA9EE36F581}"
EndProject
Project("{FAE04EC0-301F-11D3-BF4B-00C04F79EFBC}") = "OA_DataAccess", "..\OA_DataAccess\OA_DataAccess.csproj", "{8FE3D560-6BB9-4849-9129-0356C0F33502}"
EndProject
Project("{FAE04EC0-301F-11D3-BF4B-00C04F79EFBC}") = "OA_Repository", "..\OA_Repository\OA_Repository.csproj", "{267304FC-17CB-46DD-905C-FAD799E7A3B2}"
EndProject
Project("{FAE04EC0-301F-11D3-BF4B-00C04F79EFBC}") = "OA_Service", "..\OA_Service\OA_Service.csproj", "{D385BFD3-84B4-489D-A9B6-C9B4286A492E}"
EndProject
Project("{FAE04EC0-301F-11D3-BF4B-00C04F79EFBC}") = "Tests", "..\Tests\Tests.csproj", "{2AA240C5-AD62-42C5-A098-3CC2266E94C7}"
EndProject
Global
	GlobalSection(SolutionConfigurationPlatforms) = preSolution
		Debug|Any CPU = Debug|Any CPU
		Release|Any CPU = Release|Any CPU
	EndGlobalSection
	GlobalSection(ProjectConfigurationPlatforms) = postSolution
		{144B9A87-59A6-4232-9824-1BA9EE36F581}.Debug|Any CPU.ActiveCfg = Debug|Any CPU
		{144B9A87-59A6-4232-9824-1BA9EE36F581}.Debug|Any CPU.Build.0 = Debug|Any CPU
		{144B9A87-59A6-4232-9824-1BA9EE36F581}.Release|Any CPU.ActiveCfg = Release|Any CPU
		{144B9A87-59A6-4232-9824-1BA9EE36F581}.Release|Any CPU.Build.0 = Release|Any CPU
		{8FE3D560-6BB9-4849-9129-0356C0F33502}.Debug|Any CPU.ActiveCfg = Debug|Any CPU
		{8FE3D560-6BB9-4849-9129-0356C0F33502}.Debug|Any CPU.Build.0 = Debug|Any CPU
		{8FE3D560-6BB9-4849-9129-0356C0F33502}.Release|Any CPU.ActiveCfg = Release|Any CPU
		{8FE3D560-6BB9-4849-9129-0356C0F33502}.Release|Any CPU.Build.0 = Release|Any CPU
		{267304FC-17CB-46DD-905C-FAD799E7A3B2}.Debug|Any CPU.ActiveCfg = Debug|Any CPU
		{267304FC-17CB-46DD-905C-FAD799E7A3B2}.Debug|Any CPU.Build.0 = Debug|Any CPU
		{267304FC-17CB-46DD-905C-FAD799E7A3B2}.Release|Any CPU.ActiveCfg = Release|Any CPU
		{267304FC-17CB-46DD-905C-FAD799E7A3B2}.Release|Any CPU.Build.0 = Release|Any CPU
		{D385BFD3-84B4-489D-A9B6-C9B4286A492E}.Debug|Any CPU.ActiveCfg = Debug|Any CPU
		{D385BFD3-84B4-489D-A9B6-C9B4286A492E}.Debug|Any CPU.Build.0 = Debug|Any CPU
		{D385BFD3-84B4-489D-A9B6-C9B4286A492E}.Release|Any CPU.ActiveCfg = Release|Any CPU
		{D385BFD3-84B4-489D-A9B6-C9B4286A492E}.Release|Any CPU.Build.0 = Release|Any CPU
		{2AA240C5-AD62-42C5-A098-3CC2266E94C7}.Debug|Any CPU.ActiveCfg = Debug|Any CPU
		{2AA240C5-AD62-42C5-A098-3CC2266E94C7}.Debug|Any CPU.Build.0 = Debug|Any CPU
		{2AA240C5-AD62-42C5-A098-3CC2266E94C7}.Release|Any CPU.ActiveCfg = Release|Any CPU
		{2AA240C5-AD62-42C5-A098-3CC2266E94C7}.Release|Any CPU.Build.0 = Release|Any CPU
	EndGlobalSection
	GlobalSection(SolutionProperties) = preSolution
		HideSolutionNode = FALSE
	EndGlobalSection
	GlobalSection(ExtensibilityGlobals) = postSolution
		SolutionGuid = {57142A0A-154C-4E05-91B2-A66609D61DE1}
	EndGlobalSection
EndGlobal
